
Microsoft Visual Studio Solution File, Format Version 12.00
# Visual Studio Version 17
VisualStudioVersion = 17.6.33723.286
MinimumVisualStudioVersion = 10.0.40219.1
Project("{9A19103F-16F7-4668-BE54-9A1E7A4F7556}") = "MainBot", "MainBot.csproj", "{039FC89E-C3A0-42C3-967F-451D0727F64D}"
EndProject
Global
	GlobalSection(SolutionConfigurationPlatforms) = preSolution
		Debug|Any CPU = Debug|Any CPU
		Release|Any CPU = Release|Any CPU
	EndGlobalSection
	GlobalSection(ProjectConfigurationPlatforms) = postSolution
		{039FC89E-C3A0-42C3-967F-451D0727F64D}.Debug|Any CPU.ActiveCfg = Debug|Any CPU
		{039FC89E-C3A0-42C3-967F-451D0727F64D}.Debug|Any CPU.Build.0 = Debug|Any CPU
		{039FC89E-C3A0-42C3-967F-451D0727F64D}.Release|Any CPU.ActiveCfg = Release|Any CPU
		{039FC89E-C3A0-42C3-967F-451D0727F64D}.Release|Any CPU.Build.0 = Release|Any CPU
	EndGlobalSection
	GlobalSection(SolutionProperties) = preSolution
		HideSolutionNode = FALSE
	EndGlobalSection
	GlobalSection(ExtensibilityGlobals) = postSolution
		SolutionGuid = {B89AA173-D0D1-4D38-963F-B7A4B48B8D96}
	EndGlobalSection
EndGlobal
